
Microsoft Visual Studio Solution File, Format Version 12.00
# Visual Studio Version 16
VisualStudioVersion = 16.0.29806.167
MinimumVisualStudioVersion = 10.0.40219.1
Project("{FAE04EC0-301F-11D3-BF4B-00C04F79EFBC}") = "A01PalmanDaniel", "A01PalmanDaniel\A01PalmanDaniel.csproj", "{20914776-3263-4BA1-B6EC-C9D8573EAE62}"
EndProject
Global
	GlobalSection(SolutionConfigurationPlatforms) = preSolution
		Debug|Any CPU = Debug|Any CPU
		Release|Any CPU = Release|Any CPU
	EndGlobalSection
	GlobalSection(ProjectConfigurationPlatforms) = postSolution
		{20914776-3263-4BA1-B6EC-C9D8573EAE62}.Debug|Any CPU.ActiveCfg = Debug|Any CPU
		{20914776-3263-4BA1-B6EC-C9D8573EAE62}.Debug|Any CPU.Build.0 = Debug|Any CPU
		{20914776-3263-4BA1-B6EC-C9D8573EAE62}.Release|Any CPU.ActiveCfg = Release|Any CPU
		{20914776-3263-4BA1-B6EC-C9D8573EAE62}.Release|Any CPU.Build.0 = Release|Any CPU
	EndGlobalSection
	GlobalSection(SolutionProperties) = preSolution
		HideSolutionNode = FALSE
	EndGlobalSection
	GlobalSection(ExtensibilityGlobals) = postSolution
		SolutionGuid = {87089A12-6EBE-410E-87B4-5608662FF011}
	EndGlobalSection
EndGlobal
